
Microsoft Visual Studio Solution File, Format Version 12.00
# Visual Studio Version 17
VisualStudioVersion = 17.13.35818.85
MinimumVisualStudioVersion = 10.0.40219.1
Project("{2150E333-8FDC-42A3-9474-1A3956D46DE8}") = "src", "src", "{02EA681E-C7D8-13C7-8484-4AC65E1B71E8}"
EndProject
Project("{FAE04EC0-301F-11D3-BF4B-00C04F79EFBC}") = "Domain", "src\Domain\Domain.csproj", "{9F40C2FB-526A-4441-B624-85E491E99731}"
EndProject
Project("{FAE04EC0-301F-11D3-BF4B-00C04F79EFBC}") = "Application", "src\Application\Application.csproj", "{B8DC3AD4-0AC9-41E7-864B-BC0861D3B490}"
EndProject
Project("{FAE04EC0-301F-11D3-BF4B-00C04F79EFBC}") = "Infrastructure", "src\Infrastructure\Infrastructure.csproj", "{DECD33FA-AD57-476E-A985-99F468525DE9}"
EndProject
Project("{FAE04EC0-301F-11D3-BF4B-00C04F79EFBC}") = "Api", "src\Api\Api.csproj", "{8F7061AF-1912-4879-832F-019F28D0A440}"
EndProject
Project("{2150E333-8FDC-42A3-9474-1A3956D46DE8}") = "tests", "tests", "{8E18F607-D243-491C-95E9-3B231A093E2C}"
EndProject
Project("{FAE04EC0-301F-11D3-BF4B-00C04F79EFBC}") = "ApplicationUnitTests", "tests\ApplicationUnitTests\ApplicationUnitTests.csproj", "{4A1F8052-37CC-4CE4-AE0E-D4D771F75612}"
EndProject
Project("{FAE04EC0-301F-11D3-BF4B-00C04F79EFBC}") = "ApplicationIntegrationTests", "tests\ApplicationIntegrationTests\ApplicationIntegrationTests.csproj", "{B078553A-30D9-4EAB-BFF1-C13090D8D7E5}"
EndProject
Project("{FAE04EC0-301F-11D3-BF4B-00C04F79EFBC}") = "ApiUnitTests", "tests\ApiUnitTests\ApiUnitTests.csproj", "{EEA4FBE7-A2E2-476F-AA57-00D829940FEE}"
EndProject
Global
	GlobalSection(SolutionConfigurationPlatforms) = preSolution
		Debug|Any CPU = Debug|Any CPU
		Release|Any CPU = Release|Any CPU
	EndGlobalSection
	GlobalSection(ProjectConfigurationPlatforms) = postSolution
		{9F40C2FB-526A-4441-B624-85E491E99731}.Debug|Any CPU.ActiveCfg = Debug|Any CPU
		{9F40C2FB-526A-4441-B624-85E491E99731}.Debug|Any CPU.Build.0 = Debug|Any CPU
		{9F40C2FB-526A-4441-B624-85E491E99731}.Release|Any CPU.ActiveCfg = Release|Any CPU
		{9F40C2FB-526A-4441-B624-85E491E99731}.Release|Any CPU.Build.0 = Release|Any CPU
		{B8DC3AD4-0AC9-41E7-864B-BC0861D3B490}.Debug|Any CPU.ActiveCfg = Debug|Any CPU
		{B8DC3AD4-0AC9-41E7-864B-BC0861D3B490}.Debug|Any CPU.Build.0 = Debug|Any CPU
		{B8DC3AD4-0AC9-41E7-864B-BC0861D3B490}.Release|Any CPU.ActiveCfg = Release|Any CPU
		{B8DC3AD4-0AC9-41E7-864B-BC0861D3B490}.Release|Any CPU.Build.0 = Release|Any CPU
		{DECD33FA-AD57-476E-A985-99F468525DE9}.Debug|Any CPU.ActiveCfg = Debug|Any CPU
		{DECD33FA-AD57-476E-A985-99F468525DE9}.Debug|Any CPU.Build.0 = Debug|Any CPU
		{DECD33FA-AD57-476E-A985-99F468525DE9}.Release|Any CPU.ActiveCfg = Release|Any CPU
		{DECD33FA-AD57-476E-A985-99F468525DE9}.Release|Any CPU.Build.0 = Release|Any CPU
		{8F7061AF-1912-4879-832F-019F28D0A440}.Debug|Any CPU.ActiveCfg = Debug|Any CPU
		{8F7061AF-1912-4879-832F-019F28D0A440}.Debug|Any CPU.Build.0 = Debug|Any CPU
		{8F7061AF-1912-4879-832F-019F28D0A440}.Release|Any CPU.ActiveCfg = Release|Any CPU
		{8F7061AF-1912-4879-832F-019F28D0A440}.Release|Any CPU.Build.0 = Release|Any CPU
		{4A1F8052-37CC-4CE4-AE0E-D4D771F75612}.Debug|Any CPU.ActiveCfg = Debug|Any CPU
		{4A1F8052-37CC-4CE4-AE0E-D4D771F75612}.Debug|Any CPU.Build.0 = Debug|Any CPU
		{4A1F8052-37CC-4CE4-AE0E-D4D771F75612}.Release|Any CPU.ActiveCfg = Release|Any CPU
		{4A1F8052-37CC-4CE4-AE0E-D4D771F75612}.Release|Any CPU.Build.0 = Release|Any CPU
		{B078553A-30D9-4EAB-BFF1-C13090D8D7E5}.Debug|Any CPU.ActiveCfg = Debug|Any CPU
		{B078553A-30D9-4EAB-BFF1-C13090D8D7E5}.Debug|Any CPU.Build.0 = Debug|Any CPU
		{B078553A-30D9-4EAB-BFF1-C13090D8D7E5}.Release|Any CPU.ActiveCfg = Release|Any CPU
		{B078553A-30D9-4EAB-BFF1-C13090D8D7E5}.Release|Any CPU.Build.0 = Release|Any CPU
		{EEA4FBE7-A2E2-476F-AA57-00D829940FEE}.Debug|Any CPU.ActiveCfg = Debug|Any CPU
		{EEA4FBE7-A2E2-476F-AA57-00D829940FEE}.Debug|Any CPU.Build.0 = Debug|Any CPU
		{EEA4FBE7-A2E2-476F-AA57-00D829940FEE}.Release|Any CPU.ActiveCfg = Release|Any CPU
		{EEA4FBE7-A2E2-476F-AA57-00D829940FEE}.Release|Any CPU.Build.0 = Release|Any CPU
	EndGlobalSection
	GlobalSection(SolutionProperties) = preSolution
		HideSolutionNode = FALSE
	EndGlobalSection
	GlobalSection(ExtensibilityGlobals) = postSolution
		SolutionGuid = {C31E690F-F90C-439A-9CE8-B9F55D0B2CEC}
	EndGlobalSection
EndGlobal
